<?xml version="1.0" encoding="utf-8"?>
<Project ToolsVersion="4.0" xmlns="http://schemas.microsoft.com/developer/msbuild/2003">
  <ItemGroup>
    <Filter Include="Source Files">
      <UniqueIdentifier>{4FC737F1-C7A5-4376-A066-2A32D752A2FF}</UniqueIdentifier>
      <Extensions>cpp;c;cc;cxx;def;odl;idl;hpj;bat;asm;asmx</Extensions>
    </Filter>
    <Filter Include="Header Files">
      <UniqueIdentifier>{93995380-89BD-4b04-88EB-625FBE52EBFB}</UniqueIdentifier>
      <Extensions>h;hh;hpp;hxx;hm;inl;inc;xsd</Extensions>
    </Filter>
    <Filter Include="Resource Files">
      <UniqueIdentifier>{67DA6AB6-F800-4c08-8B7A-83BB121AAD01}</UniqueIdentifier>
      <Extensions>rc;ico;cur;bmp;dlg;rc2;rct;bin;rgs;gif;jpg;jpeg;jpe;resx;tiff;tif;png;wav</Extensions>
    </Filter>
  </ItemGroup>
  <ItemGroup>
    <ClCompile Include="ClassDumper3.cpp">
      <Filter>Source Files</Filter>
    </ClCompile>
    <ClCompile Include="gui\helpers\ImGuiApp.cpp">
      <Filter>Source Files</Filter>
    </ClCompile>
    <ClCompile Include="gui\helpers\dx11\imgui_impl_dx11.cpp">
      <Filter>Source Files</Filter>
    </ClCompile>
    <ClCompile Include="gui\helpers\dx12\imgui_impl_dx12.cpp">
      <Filter>Source Files</Filter>
    </ClCompile>
    <ClCompile Include="gui\helpers\dx12\imgui_impl_win32.cpp">
      <Filter>Source Files</Filter>
    </ClCompile>
    <ClCompile Include="gui\interfaces\IWindow.cpp">
      <Filter>Source Files</Filter>
    </ClCompile>
    <ClCompile Include="w32\Disassembler.cpp">
      <Filter>Source Files</Filter>
    </ClCompile>
    <ClCompile Include="GUI\MainWindow.cpp">
      <Filter>Source Files</Filter>
    </ClCompile>
    <ClCompile Include="W32\Memory.cpp">
      <Filter>Source Files</Filter>
    </ClCompile>
    <ClCompile Include="W32\RTTI.cpp">
      <Filter>Source Files</Filter>
    </ClCompile>
    <ClCompile Include="GUI\imgui_stl.cpp">
      <Filter>Source Files</Filter>
    </ClCompile>
    <ClCompile Include="GUI\ClassInspector.cpp">
      <Filter>Source Files</Filter>
    </ClCompile>
    <ClCompile Include="Util\Strings.cpp">
      <Filter>Source Files</Filter>
    </ClCompile>
    <ClCompile Include="GUI\LogWindow.cpp">
      <Filter>Source Files</Filter>
    </ClCompile>
    <ClCompile Include="GUI\CustomWidgets.cpp">
      <Filter>Source Files</Filter>
    </ClCompile>
  </ItemGroup>
  <ItemGroup>
    <ClInclude Include="ClassDumper3.h">
      <Filter>Header Files</Filter>
    </ClInclude>
    <ClInclude Include="RenderConfig.h">
      <Filter>Header Files</Filter>
    </ClInclude>
    <ClInclude Include="gui\helpers\custom_config.h">
      <Filter>Header Files</Filter>
    </ClInclude>
    <ClInclude Include="gui\helpers\ImGuiApp.h">
      <Filter>Header Files</Filter>
    </ClInclude>
    <ClInclude Include="gui\helpers\dx11\imgui_impl_dx11.h">
      <Filter>Header Files</Filter>
    </ClInclude>
    <ClInclude Include="gui\helpers\dx12\imgui_impl_dx12.h">
      <Filter>Header Files</Filter>
    </ClInclude>
    <ClInclude Include="gui\helpers\dx12\imgui_impl_win32.h">
      <Filter>Header Files</Filter>
    </ClInclude>
    <ClInclude Include="gui\interfaces\IWindow.h">
      <Filter>Header Files</Filter>
    </ClInclude>
    <ClInclude Include="w32\Disassembler.h">
      <Filter>Header Files</Filter>
    </ClInclude>
    <ClInclude Include="w32\Memory.h">
      <Filter>Header Files</Filter>
    </ClInclude>
    <ClInclude Include="GUI\MainWindow.h">
      <Filter>Header Files</Filter>
    </ClInclude>
    <ClInclude Include="W32\RTTI.h">
      <Filter>Header Files</Filter>
    </ClInclude>
    <ClInclude Include="GUI\imgui_stl.h">
      <Filter>Header Files</Filter>
    </ClInclude>
    <ClInclude Include="Delegate.h">
      <Filter>Header Files</Filter>
    </ClInclude>
    <ClInclude Include="GUI\ClassInspector.h">
      <Filter>Header Files</Filter>
    </ClInclude>
    <ClInclude Include="Util\Strings.h">
      <Filter>Header Files</Filter>
    </ClInclude>
    <ClInclude Include="GUI\LogWindow.h">
      <Filter>Header Files</Filter>
    </ClInclude>
    <ClInclude Include="GUI\CustomWidgets.h">
      <Filter>Header Files</Filter>
    </ClInclude>
    <ClInclude Include="Util\ThreadPool.h">
      <Filter>Header Files</Filter>
    </ClInclude>
  </ItemGroup>
</Project>